
Microsoft Visual Studio Solution File, Format Version 12.00
# Visual Studio 15
VisualStudioVersion = 15.0.26124.0
MinimumVisualStudioVersion = 15.0.26124.0
Project("{FAE04EC0-301F-11D3-BF4B-00C04F79EFBC}") = "QuickBuy.Dominio", "QuickBuy.Dominio\QuickBuy.Dominio.csproj", "{0F0A737F-601D-4465-8BD2-99800BCDAD7D}"
EndProject
Project("{FAE04EC0-301F-11D3-BF4B-00C04F79EFBC}") = "QuickBuy.Repositorio", "QuickBuy.Repositorio\QuickBuy.Repositorio.csproj", "{7946C73F-5699-4522-A641-8A3AE0249177}"
EndProject
Project("{FAE04EC0-301F-11D3-BF4B-00C04F79EFBC}") = "QuickBuy.Web", "QuickBuy.Web\QuickBuy.Web.csproj", "{5A5402FA-160F-4D09-92B7-EB0A93E79426}"
EndProject
Global
	GlobalSection(SolutionConfigurationPlatforms) = preSolution
		Debug|Any CPU = Debug|Any CPU
		Debug|x64 = Debug|x64
		Debug|x86 = Debug|x86
		Release|Any CPU = Release|Any CPU
		Release|x64 = Release|x64
		Release|x86 = Release|x86
	EndGlobalSection
	GlobalSection(SolutionProperties) = preSolution
		HideSolutionNode = FALSE
	EndGlobalSection
	GlobalSection(ProjectConfigurationPlatforms) = postSolution
		{0F0A737F-601D-4465-8BD2-99800BCDAD7D}.Debug|Any CPU.ActiveCfg = Debug|Any CPU
		{0F0A737F-601D-4465-8BD2-99800BCDAD7D}.Debug|Any CPU.Build.0 = Debug|Any CPU
		{0F0A737F-601D-4465-8BD2-99800BCDAD7D}.Debug|x64.ActiveCfg = Debug|Any CPU
		{0F0A737F-601D-4465-8BD2-99800BCDAD7D}.Debug|x64.Build.0 = Debug|Any CPU
		{0F0A737F-601D-4465-8BD2-99800BCDAD7D}.Debug|x86.ActiveCfg = Debug|Any CPU
		{0F0A737F-601D-4465-8BD2-99800BCDAD7D}.Debug|x86.Build.0 = Debug|Any CPU
		{0F0A737F-601D-4465-8BD2-99800BCDAD7D}.Release|Any CPU.ActiveCfg = Release|Any CPU
		{0F0A737F-601D-4465-8BD2-99800BCDAD7D}.Release|Any CPU.Build.0 = Release|Any CPU
		{0F0A737F-601D-4465-8BD2-99800BCDAD7D}.Release|x64.ActiveCfg = Release|Any CPU
		{0F0A737F-601D-4465-8BD2-99800BCDAD7D}.Release|x64.Build.0 = Release|Any CPU
		{0F0A737F-601D-4465-8BD2-99800BCDAD7D}.Release|x86.ActiveCfg = Release|Any CPU
		{0F0A737F-601D-4465-8BD2-99800BCDAD7D}.Release|x86.Build.0 = Release|Any CPU
		{7946C73F-5699-4522-A641-8A3AE0249177}.Debug|Any CPU.ActiveCfg = Debug|Any CPU
		{7946C73F-5699-4522-A641-8A3AE0249177}.Debug|Any CPU.Build.0 = Debug|Any CPU
		{7946C73F-5699-4522-A641-8A3AE0249177}.Debug|x64.ActiveCfg = Debug|Any CPU
		{7946C73F-5699-4522-A641-8A3AE0249177}.Debug|x64.Build.0 = Debug|Any CPU
		{7946C73F-5699-4522-A641-8A3AE0249177}.Debug|x86.ActiveCfg = Debug|Any CPU
		{7946C73F-5699-4522-A641-8A3AE0249177}.Debug|x86.Build.0 = Debug|Any CPU
		{7946C73F-5699-4522-A641-8A3AE0249177}.Release|Any CPU.ActiveCfg = Release|Any CPU
		{7946C73F-5699-4522-A641-8A3AE0249177}.Release|Any CPU.Build.0 = Release|Any CPU
		{7946C73F-5699-4522-A641-8A3AE0249177}.Release|x64.ActiveCfg = Release|Any CPU
		{7946C73F-5699-4522-A641-8A3AE0249177}.Release|x64.Build.0 = Release|Any CPU
		{7946C73F-5699-4522-A641-8A3AE0249177}.Release|x86.ActiveCfg = Release|Any CPU
		{7946C73F-5699-4522-A641-8A3AE0249177}.Release|x86.Build.0 = Release|Any CPU
		{5A5402FA-160F-4D09-92B7-EB0A93E79426}.Debug|Any CPU.ActiveCfg = Debug|Any CPU
		{5A5402FA-160F-4D09-92B7-EB0A93E79426}.Debug|Any CPU.Build.0 = Debug|Any CPU
		{5A5402FA-160F-4D09-92B7-EB0A93E79426}.Debug|x64.ActiveCfg = Debug|Any CPU
		{5A5402FA-160F-4D09-92B7-EB0A93E79426}.Debug|x64.Build.0 = Debug|Any CPU
		{5A5402FA-160F-4D09-92B7-EB0A93E79426}.Debug|x86.ActiveCfg = Debug|Any CPU
		{5A5402FA-160F-4D09-92B7-EB0A93E79426}.Debug|x86.Build.0 = Debug|Any CPU
		{5A5402FA-160F-4D09-92B7-EB0A93E79426}.Release|Any CPU.ActiveCfg = Release|Any CPU
		{5A5402FA-160F-4D09-92B7-EB0A93E79426}.Release|Any CPU.Build.0 = Release|Any CPU
		{5A5402FA-160F-4D09-92B7-EB0A93E79426}.Release|x64.ActiveCfg = Release|Any CPU
		{5A5402FA-160F-4D09-92B7-EB0A93E79426}.Release|x64.Build.0 = Release|Any CPU
		{5A5402FA-160F-4D09-92B7-EB0A93E79426}.Release|x86.ActiveCfg = Release|Any CPU
		{5A5402FA-160F-4D09-92B7-EB0A93E79426}.Release|x86.Build.0 = Release|Any CPU
	EndGlobalSection
EndGlobal
